
Microsoft Visual Studio Solution File, Format Version 12.00
# Visual Studio Version 17
VisualStudioVersion = 17.5.33516.290
MinimumVisualStudioVersion = 10.0.40219.1
Project("{FAE04EC0-301F-11D3-BF4B-00C04F79EFBC}") = "ScriptGeneratorSqlServer.Core", "ScriptGeneratorSqlServer.Core.csproj", "{C578DBB5-16D7-4272-A184-A37D37548FA4}"
EndProject
Project("{FAE04EC0-301F-11D3-BF4B-00C04F79EFBC}") = "ScriptGeneratorSqlServer.Core.Tests", "..\ScriptGeneratorSqlServer.Core.Tests\ScriptGeneratorSqlServer.Core.Tests.csproj", "{F222B958-F1E2-4B13-B0EA-46C0EF641354}"
EndProject
Global
	GlobalSection(SolutionConfigurationPlatforms) = preSolution
		Debug|Any CPU = Debug|Any CPU
		Release|Any CPU = Release|Any CPU
	EndGlobalSection
	GlobalSection(ProjectConfigurationPlatforms) = postSolution
		{C578DBB5-16D7-4272-A184-A37D37548FA4}.Debug|Any CPU.ActiveCfg = Debug|Any CPU
		{C578DBB5-16D7-4272-A184-A37D37548FA4}.Debug|Any CPU.Build.0 = Debug|Any CPU
		{C578DBB5-16D7-4272-A184-A37D37548FA4}.Release|Any CPU.ActiveCfg = Release|Any CPU
		{C578DBB5-16D7-4272-A184-A37D37548FA4}.Release|Any CPU.Build.0 = Release|Any CPU
		{F222B958-F1E2-4B13-B0EA-46C0EF641354}.Debug|Any CPU.ActiveCfg = Debug|Any CPU
		{F222B958-F1E2-4B13-B0EA-46C0EF641354}.Debug|Any CPU.Build.0 = Debug|Any CPU
		{F222B958-F1E2-4B13-B0EA-46C0EF641354}.Release|Any CPU.ActiveCfg = Release|Any CPU
		{F222B958-F1E2-4B13-B0EA-46C0EF641354}.Release|Any CPU.Build.0 = Release|Any CPU
	EndGlobalSection
	GlobalSection(SolutionProperties) = preSolution
		HideSolutionNode = FALSE
	EndGlobalSection
	GlobalSection(ExtensibilityGlobals) = postSolution
		SolutionGuid = {D24EAAE1-1722-4B74-9429-0DA8ABA321CB}
	EndGlobalSection
EndGlobal
